
Microsoft Visual Studio Solution File, Format Version 12.00
# Visual Studio Version 17
VisualStudioVersion = 17.8.34330.188
MinimumVisualStudioVersion = 10.0.40219.1
Project("{FAE04EC0-301F-11D3-BF4B-00C04F79EFBC}") = "ChatBox", "ChatBox\ChatBox.csproj", "{3DD576D3-B1F6-41D3-BABE-C97F3A266212}"
EndProject
Global
	GlobalSection(SolutionConfigurationPlatforms) = preSolution
		Debug|Any CPU = Debug|Any CPU
		Release|Any CPU = Release|Any CPU
	EndGlobalSection
	GlobalSection(ProjectConfigurationPlatforms) = postSolution
		{3DD576D3-B1F6-41D3-BABE-C97F3A266212}.Debug|Any CPU.ActiveCfg = Debug|Any CPU
		{3DD576D3-B1F6-41D3-BABE-C97F3A266212}.Debug|Any CPU.Build.0 = Debug|Any CPU
		{3DD576D3-B1F6-41D3-BABE-C97F3A266212}.Release|Any CPU.ActiveCfg = Release|Any CPU
		{3DD576D3-B1F6-41D3-BABE-C97F3A266212}.Release|Any CPU.Build.0 = Release|Any CPU
	EndGlobalSection
	GlobalSection(SolutionProperties) = preSolution
		HideSolutionNode = FALSE
	EndGlobalSection
	GlobalSection(ExtensibilityGlobals) = postSolution
		SolutionGuid = {97C72C71-E872-4053-A796-1EEE9177DBFC}
	EndGlobalSection
EndGlobal
